{
  "nodes": {
    "a2b": {
      "inputs": {
        "flake-parts": [
          "terraform-provider-pfsense",
          "flake-parts"
        ],
        "mangopkgs": [
          "terraform-provider-pfsense",
          "mangopkgs"
        ],
        "nixpkgs": [
          "terraform-provider-pfsense",
          "nixpkgs"
        ],
        "systems": [
          "terraform-provider-pfsense",
          "systems"
        ],
        "treefmt-nix": [
          "terraform-provider-pfsense",
          "treefmt-nix"
        ]
      },
      "locked": {
        "lastModified": 1782181630,
        "narHash": "sha256-qB9EZjempkrbp14Y+ImU/zc2JfOoY7Th3kdI+l/So4U=",
        "owner": "UnstoppableMango",
        "repo": "a2b",
        "rev": "44d31b6d09d62897d040fe252f116b9d15f87dae",
        "type": "github"
      },
      "original": {
        "owner": "UnstoppableMango",
        "repo": "a2b",
        "type": "github"
      }
    },
    "flake-parts": {
      "inputs": {
        "nixpkgs-lib": [
          "nixpkgs"
        ]
      },
      "locked": {
        "lastModified": 1788450739,
        "narHash": "sha256-glZLQlzIn1fXH6PazR2iUmTo7kzzyYSshrWhLS9TqCU=",
        "owner": "hercules-ci",
        "repo": "flake-parts",
        "rev": "31729ca8cbdb4fa927b34e5f4353e6a83f39e993",
        "type": "github"
      },
      "original": {
        "owner": "hercules-ci",
        "repo": "flake-parts",
        "type": "github"
      }
    },
    "flake-parts_2": {
      "inputs": {
        "nixpkgs-lib": [
          "terraform-provider-pfsense",
          "nixpkgs"
        ]
      },
      "locked": {
        "lastModified": 1788450739,
        "narHash": "sha256-glZLQlzIn1fXH6PazR2iUmTo7kzzyYSshrWhLS9TqCU=",
        "owner": "hercules-ci",
        "repo": "flake-parts",
        "rev": "31729ca8cbdb4fa927b34e5f4353e6a83f39e993",
        "type": "github"
      },
      "original": {
        "owner": "hercules-ci",
        "repo": "flake-parts",
        "type": "github"
      }
    },
    "flake-utils": {
      "inputs": {
        "systems": "systems"
      },
      "locked": {
        "lastModified": 1731533236,
        "narHash": "sha256-l0KFg5HjrsfsO/JpG+r7fRrqm12kzFHyUHqHCVpMMbI=",
        "owner": "numtide",
        "repo": "flake-utils",
        "rev": "11707dc2f618dd54ca8739b309ec4fc024de578b",
        "type": "github"
      },
      "original": {
        "owner": "numtide",
        "repo": "flake-utils",
        "type": "github"
      }
    },
    "flake-utils_2": {
      "inputs": {
        "systems": [
          "terraform-provider-pfsense",
          "systems"
        ]
      },
      "locked": {
        "lastModified": 1731533236,
        "narHash": "sha256-l0KFg5HjrsfsO/JpG+r7fRrqm12kzFHyUHqHCVpMMbI=",
        "owner": "numtide",
        "repo": "flake-utils",
        "rev": "11707dc2f618dd54ca8739b309ec4fc024de578b",
        "type": "github"
      },
      "original": {
        "owner": "numtide",
        "repo": "flake-utils",
        "type": "github"
      }
    },
    "globset": {
      "inputs": {
        "nixpkgs-lib": [
          "terraform-provider-pfsense",
          "nixpkgs"
        ]
      },
      "locked": {
        "lastModified": 1756146523,
        "narHash": "sha256-dn8WNgwVQe0xBJ/d4CiRRcEVSgNclG6WSbqFEf6V024=",
        "owner": "pdtpartners",
        "repo": "globset",
        "rev": "62da8904981f01dc7c97f56c3ea4f131a8393411",
        "type": "github"
      },
      "original": {
        "owner": "pdtpartners",
        "repo": "globset",
        "type": "github"
      }
    },
    "gomod2nix": {
      "inputs": {
        "flake-utils": "flake-utils",
        "nixpkgs": [
          "nixpkgs"
        ]
      },
      "locked": {
        "lastModified": 1770585520,
        "narHash": "sha256-yBz9Ozd5Wb56i3e3cHZ8WcbzCQ9RlVaiW18qDYA/AzA=",
        "owner": "nix-community",
        "repo": "gomod2nix",
        "rev": "1201ddd1279c35497754f016ef33d5e060f3da8d",
        "type": "github"
      },
      "original": {
        "owner": "nix-community",
        "repo": "gomod2nix",
        "type": "github"
      }
    },
    "gomod2nix_2": {
      "inputs": {
        "flake-utils": "flake-utils_2",
        "nixpkgs": [
          "terraform-provider-pfsense",
          "nixpkgs"
        ]
      },
      "locked": {
        "lastModified": 1770585520,
        "narHash": "sha256-yBz9Ozd5Wb56i3e3cHZ8WcbzCQ9RlVaiW18qDYA/AzA=",
        "owner": "nix-community",
        "repo": "gomod2nix",
        "rev": "1201ddd1279c35497754f016ef33d5e060f3da8d",
        "type": "github"
      },
      "original": {
        "owner": "nix-community",
        "repo": "gomod2nix",
        "type": "github"
      }
    },
    "mangopkgs": {
      "inputs": {
        "flake-parts": [
          "terraform-provider-pfsense",
          "flake-parts"
        ],
        "gomod2nix": [
          "terraform-provider-pfsense",
          "gomod2nix"
        ],
        "nix2container": "nix2container",
        "nixpkgs": [
          "terraform-provider-pfsense",
          "nixpkgs"
        ],
        "systems": [
          "terraform-provider-pfsense",
          "systems"
        ],
        "treefmt-nix": [
          "terraform-provider-pfsense",
          "treefmt-nix"
        ]
      },
      "locked": {
        "lastModified": 1782845005,
        "narHash": "sha256-3x/KlwlyVNjzNbCkeCyqzo8icXU4g88RVoOC2Dy7NVA=",
        "owner": "unmango",
        "repo": "pkgs",
        "rev": "741245aac8fedbf1755d143f9ef338e43d343e9d",
        "type": "github"
      },
      "original": {
        "owner": "unmango",
        "repo": "pkgs",
        "type": "github"
      }
    },
    "nix2container": {
      "inputs": {
        "nixpkgs": [
          "terraform-provider-pfsense",
          "mangopkgs",
          "nixpkgs"
        ]
      },
      "locked": {
        "lastModified": 1775487831,
        "narHash": "sha256-2lguQpLPQaxpQCJjXhmEEAfabwsAhkP29Z7fgLzHARA=",
        "owner": "nlewo",
        "repo": "nix2container",
        "rev": "76be9608a7f4d6c985d28b0e7be903ae2547df3e",
        "type": "github"
      },
      "original": {
        "owner": "nlewo",
        "repo": "nix2container",
        "type": "github"
      }
    },
    "nixpkgs": {
      "locked": {
        "lastModified": 1790185690,
        "narHash": "sha256-xJ+X4hBtOcAFGBOe5nAMyMUeF9foJBmIOu3NjBqBycU=",
        "owner": "nixos",
        "repo": "nixpkgs",
        "rev": "4975466d324710c576dc11ad614684e6bd8cad8e",
        "type": "github"
      },
      "original": {
        "owner": "nixos",
        "ref": "nixos-unstable",
        "repo": "nixpkgs",
        "type": "github"
      }
    },
    "nixpkgs-pfsense": {
      "locked": {
        "lastModified": 1782723713,
        "narHash": "sha256-oPXCU/SSUokcGaJREHibG1CBX3+s/W7orDWQOZDsEeQ=",
        "owner": "nixos",
        "repo": "nixpkgs",
        "rev": "b5aa0fbd538984f6e3d201be0005b4463d8b09f8",
        "type": "github"
      },
      "original": {
        "owner": "nixos",
        "repo": "nixpkgs",
        "rev": "b5aa0fbd538984f6e3d201be0005b4463d8b09f8",
        "type": "github"
      }
    },
    "root": {
      "inputs": {
        "flake-parts": "flake-parts",
        "gomod2nix": "gomod2nix",
        "nixpkgs": "nixpkgs",
        "nixpkgs-pfsense": "nixpkgs-pfsense",
        "systems": "systems_2",
        "terraform-provider-pfsense": "terraform-provider-pfsense",
        "treefmt-nix": "treefmt-nix_2"
      }
    },
    "systems": {
      "locked": {
        "lastModified": 1681028828,
        "narHash": "sha256-Vy1rq5AaRuLzOxct8nz4T6wlgyUR7zLU309k9mBC768=",
        "owner": "nix-systems",
        "repo": "default",
        "rev": "da67096a3b9bf56a91d16901293e51ba5b49a27e",
        "type": "github"
      },
      "original": {
        "owner": "nix-systems",
        "repo": "default",
        "type": "github"
      }
    },
    "systems_2": {
      "locked": {
        "lastModified": 1789010989,
        "narHash": "sha256-irfHSRNJFce/bqbVtioyeZHhYeCPNitpdTL2ljyHVSk=",
        "owner": "UnstoppableMango",
        "repo": "nix-systems",
        "rev": "65a92fc9e5f34414623b90dd0f795d9c2ddf4c40",
        "type": "github"
      },
      "original": {
        "owner": "UnstoppableMango",
        "repo": "nix-systems",
        "type": "github"
      }
    },
    "systems_3": {
      "locked": {
        "lastModified": 1789010989,
        "narHash": "sha256-irfHSRNJFce/bqbVtioyeZHhYeCPNitpdTL2ljyHVSk=",
        "owner": "UnstoppableMango",
        "repo": "nix-systems",
        "rev": "65a92fc9e5f34414623b90dd0f795d9c2ddf4c40",
        "type": "github"
      },
      "original": {
        "owner": "UnstoppableMango",
        "repo": "nix-systems",
        "type": "github"
      }
    },
    "terraform-provider-pfsense": {
      "inputs": {
        "a2b": "a2b",
        "flake-parts": "flake-parts_2",
        "globset": "globset",
        "gomod2nix": "gomod2nix_2",
        "mangopkgs": "mangopkgs",
        "nixpkgs": [
          "nixpkgs-pfsense"
        ],
        "systems": "systems_3",
        "treefmt-nix": "treefmt-nix"
      },
      "locked": {
        "lastModified": 1789448494,
        "narHash": "sha256-ccAZ5wjFZEG9/c/8KoyDiBD9PcIZTn+04OkCraEy8SE=",
        "owner": "UnstoppableMango",
        "repo": "terraform-provider-pfsense",
        "rev": "6e577420ee41b5b552f95a930c8f9ff603f80c1d",
        "type": "github"
      },
      "original": {
        "owner": "UnstoppableMango",
        "repo": "terraform-provider-pfsense",
        "type": "github"
      }
    },
    "treefmt-nix": {
      "inputs": {
        "nixpkgs": [
          "terraform-provider-pfsense",
          "nixpkgs"
        ]
      },
      "locked": {
        "lastModified": 1786901030,
        "narHash": "sha256-WSFCsDSE5ffgD2MqzkM2CYjeFiKhRF/dJUN8uedb6YE=",
        "owner": "numtide",
        "repo": "treefmt-nix",
        "rev": "27b3b12a8e6375f28ebe122f07d230ca5459bbfa",
        "type": "github"
      },
      "original": {
        "owner": "numtide",
        "repo": "treefmt-nix",
        "type": "github"
      }
    },
    "treefmt-nix_2": {
      "inputs": {
        "nixpkgs": [
          "nixpkgs"
        ]
      },
      "locked": {
        "lastModified": 1786901030,
        "narHash": "sha256-WSFCsDSE5ffgD2MqzkM2CYjeFiKhRF/dJUN8uedb6YE=",
        "owner": "numtide",
        "repo": "treefmt-nix",
        "rev": "27b3b12a8e6375f28ebe122f07d230ca5459bbfa",
        "type": "github"
      },
      "original": {
        "owner": "numtide",
        "repo": "treefmt-nix",
        "type": "github"
      }
    }
  },
  "root": "root",
  "version": 7
}
